
Microsoft Visual Studio Solution File, Format Version 12.00
# Visual Studio Version 18
VisualStudioVersion = 18.0.11201.2
MinimumVisualStudioVersion = 10.0.40219.1
Project("{FAE04EC0-301F-11D3-BF4B-00C04F79EFBC}") = "Fyla.Web.Spa", "Fyla.Web.Spa\Fyla.Web.Spa.csproj", "{A08F391E-2070-4DE8-87D9-CED3E0A05AE9}"
EndProject
Project("{FAE04EC0-301F-11D3-BF4B-00C04F79EFBC}") = "Fyla.Host.Windows", "Fyla.Host.Windows\Fyla.Host.Windows.csproj", "{F99FEF4E-7EB4-4F07-A66C-577EE2C0E7B5}"
EndProject
Project("{FAE04EC0-301F-11D3-BF4B-00C04F79EFBC}") = "Fyla.Common", "Fyla.Common\Fyla.Common.csproj", "{8DC77B43-F1C8-4020-A694-E14CA394FA9C}"
EndProject
Project("{FAE04EC0-301F-11D3-BF4B-00C04F79EFBC}") = "Fyla", "Fyla\Fyla.csproj", "{4A53D588-2CEC-4AE3-A0A1-E9B930464B99}"
EndProject
Project("{2150E333-8FDC-42A3-9474-1A3956D46DE8}") = "00_Core", "00_Core", "{B27155EE-D7B2-4416-AB1E-AC5C68A7624B}"
EndProject
Project("{2150E333-8FDC-42A3-9474-1A3956D46DE8}") = "01_Infrastructure", "01_Infrastructure", "{ECF908C8-25C7-4DB0-8B7F-2DE95B43FEE5}"
EndProject
Project("{2150E333-8FDC-42A3-9474-1A3956D46DE8}") = "02_Client", "02_Client", "{F2802320-43F2-4322-88AA-421679567F96}"
EndProject
Project("{FAE04EC0-301F-11D3-BF4B-00C04F79EFBC}") = "Fyla.Api", "Fyla.Api\Fyla.Api.csproj", "{80F86946-36E1-43D6-8E67-B4506F12EBE1}"
EndProject
Project("{FAE04EC0-301F-11D3-BF4B-00C04F79EFBC}") = "Fyla.Host.Android", "Fyla.Host.Android\Fyla.Host.Android.csproj", "{B2272EC3-D396-4228-98F4-2048C0D069AB}"
EndProject
Global
	GlobalSection(SolutionConfigurationPlatforms) = preSolution
		Debug|Any CPU = Debug|Any CPU
		Release|Any CPU = Release|Any CPU
	EndGlobalSection
	GlobalSection(ProjectConfigurationPlatforms) = postSolution
		{A08F391E-2070-4DE8-87D9-CED3E0A05AE9}.Debug|Any CPU.ActiveCfg = Debug|Any CPU
		{A08F391E-2070-4DE8-87D9-CED3E0A05AE9}.Debug|Any CPU.Build.0 = Debug|Any CPU
		{A08F391E-2070-4DE8-87D9-CED3E0A05AE9}.Release|Any CPU.ActiveCfg = Release|Any CPU
		{A08F391E-2070-4DE8-87D9-CED3E0A05AE9}.Release|Any CPU.Build.0 = Release|Any CPU
		{F99FEF4E-7EB4-4F07-A66C-577EE2C0E7B5}.Debug|Any CPU.ActiveCfg = Debug|Any CPU
		{F99FEF4E-7EB4-4F07-A66C-577EE2C0E7B5}.Debug|Any CPU.Build.0 = Debug|Any CPU
		{F99FEF4E-7EB4-4F07-A66C-577EE2C0E7B5}.Release|Any CPU.ActiveCfg = Release|Any CPU
		{F99FEF4E-7EB4-4F07-A66C-577EE2C0E7B5}.Release|Any CPU.Build.0 = Release|Any CPU
		{8DC77B43-F1C8-4020-A694-E14CA394FA9C}.Debug|Any CPU.ActiveCfg = Debug|Any CPU
		{8DC77B43-F1C8-4020-A694-E14CA394FA9C}.Debug|Any CPU.Build.0 = Debug|Any CPU
		{8DC77B43-F1C8-4020-A694-E14CA394FA9C}.Release|Any CPU.ActiveCfg = Release|Any CPU
		{8DC77B43-F1C8-4020-A694-E14CA394FA9C}.Release|Any CPU.Build.0 = Release|Any CPU
		{4A53D588-2CEC-4AE3-A0A1-E9B930464B99}.Debug|Any CPU.ActiveCfg = Debug|Any CPU
		{4A53D588-2CEC-4AE3-A0A1-E9B930464B99}.Debug|Any CPU.Build.0 = Debug|Any CPU
		{4A53D588-2CEC-4AE3-A0A1-E9B930464B99}.Release|Any CPU.ActiveCfg = Release|Any CPU
		{4A53D588-2CEC-4AE3-A0A1-E9B930464B99}.Release|Any CPU.Build.0 = Release|Any CPU
		{80F86946-36E1-43D6-8E67-B4506F12EBE1}.Debug|Any CPU.ActiveCfg = Debug|Any CPU
		{80F86946-36E1-43D6-8E67-B4506F12EBE1}.Debug|Any CPU.Build.0 = Debug|Any CPU
		{80F86946-36E1-43D6-8E67-B4506F12EBE1}.Release|Any CPU.ActiveCfg = Release|Any CPU
		{80F86946-36E1-43D6-8E67-B4506F12EBE1}.Release|Any CPU.Build.0 = Release|Any CPU
		{B2272EC3-D396-4228-98F4-2048C0D069AB}.Debug|Any CPU.ActiveCfg = Debug|Any CPU
		{B2272EC3-D396-4228-98F4-2048C0D069AB}.Debug|Any CPU.Build.0 = Debug|Any CPU
		{B2272EC3-D396-4228-98F4-2048C0D069AB}.Debug|Any CPU.Deploy.0 = Debug|Any CPU
		{B2272EC3-D396-4228-98F4-2048C0D069AB}.Release|Any CPU.ActiveCfg = Release|Any CPU
		{B2272EC3-D396-4228-98F4-2048C0D069AB}.Release|Any CPU.Build.0 = Release|Any CPU
	EndGlobalSection
	GlobalSection(SolutionProperties) = preSolution
		HideSolutionNode = FALSE
	EndGlobalSection
	GlobalSection(NestedProjects) = preSolution
		{A08F391E-2070-4DE8-87D9-CED3E0A05AE9} = {F2802320-43F2-4322-88AA-421679567F96}
		{F99FEF4E-7EB4-4F07-A66C-577EE2C0E7B5} = {F2802320-43F2-4322-88AA-421679567F96}
		{8DC77B43-F1C8-4020-A694-E14CA394FA9C} = {B27155EE-D7B2-4416-AB1E-AC5C68A7624B}
		{4A53D588-2CEC-4AE3-A0A1-E9B930464B99} = {B27155EE-D7B2-4416-AB1E-AC5C68A7624B}
		{80F86946-36E1-43D6-8E67-B4506F12EBE1} = {ECF908C8-25C7-4DB0-8B7F-2DE95B43FEE5}
		{B2272EC3-D396-4228-98F4-2048C0D069AB} = {F2802320-43F2-4322-88AA-421679567F96}
	EndGlobalSection
	GlobalSection(ExtensibilityGlobals) = postSolution
		SolutionGuid = {8F48BCB7-F418-4A32-9C88-6124323FDA8D}
	EndGlobalSection
EndGlobal
